
Microsoft Visual Studio Solution File, Format Version 12.00
# Visual Studio Version 16
VisualStudioVersion = 16.0.32413.511
MinimumVisualStudioVersion = 10.0.40219.1
Project("{FAE04EC0-301F-11D3-BF4B-00C04F79EFBC}") = "TravelTripProje", "TravelTripProje\TravelTripProje.csproj", "{CA4DC852-CF24-4F46-A4B9-7B0BE733B4CC}"
EndProject
Global
	GlobalSection(SolutionConfigurationPlatforms) = preSolution
		Debug|Any CPU = Debug|Any CPU
		Release|Any CPU = Release|Any CPU
	EndGlobalSection
	GlobalSection(ProjectConfigurationPlatforms) = postSolution
		{CA4DC852-CF24-4F46-A4B9-7B0BE733B4CC}.Debug|Any CPU.ActiveCfg = Debug|Any CPU
		{CA4DC852-CF24-4F46-A4B9-7B0BE733B4CC}.Debug|Any CPU.Build.0 = Debug|Any CPU
		{CA4DC852-CF24-4F46-A4B9-7B0BE733B4CC}.Release|Any CPU.ActiveCfg = Release|Any CPU
		{CA4DC852-CF24-4F46-A4B9-7B0BE733B4CC}.Release|Any CPU.Build.0 = Release|Any CPU
	EndGlobalSection
	GlobalSection(SolutionProperties) = preSolution
		HideSolutionNode = FALSE
	EndGlobalSection
	GlobalSection(ExtensibilityGlobals) = postSolution
		SolutionGuid = {3F76900D-4285-4464-BD7D-4CA232303130}
	EndGlobalSection
EndGlobal
